
Microsoft Visual Studio Solution File, Format Version 12.00
Project("{FAE04EC0-301F-11D3-BF4B-00C04F79EFBC}") = "Bot", "Bot.csproj", "{EAA83293-B08F-42F6-9033-C5CDAFA36922}"
EndProject
Global
	GlobalSection(SolutionConfigurationPlatforms) = preSolution
		Debug|Any CPU = Debug|Any CPU
		Release|Any CPU = Release|Any CPU
	EndGlobalSection
	GlobalSection(ProjectConfigurationPlatforms) = postSolution
		{EAA83293-B08F-42F6-9033-C5CDAFA36922}.Debug|Any CPU.ActiveCfg = Debug|Any CPU
		{EAA83293-B08F-42F6-9033-C5CDAFA36922}.Debug|Any CPU.Build.0 = Debug|Any CPU
		{EAA83293-B08F-42F6-9033-C5CDAFA36922}.Release|Any CPU.ActiveCfg = Release|Any CPU
		{EAA83293-B08F-42F6-9033-C5CDAFA36922}.Release|Any CPU.Build.0 = Release|Any CPU
	EndGlobalSection
EndGlobal
